<?xml version="1.0" encoding="utf-8"?>
<Project ToolsVersion="4.0" xmlns="http://schemas.microsoft.com/developer/msbuild/2003">
  <ItemGroup>
    <Filter Include="Source Files">
      <UniqueIdentifier>{4FC737F1-C7A5-4376-A066-2A32D752A2FF}</UniqueIdentifier>
      <Extensions>cpp;c;cc;cxx;def;odl;idl;hpj;bat;asm;asmx</Extensions>
    </Filter>
    <Filter Include="Header Files">
      <UniqueIdentifier>{93995380-89BD-4b04-88EB-625FBE52EBFB}</UniqueIdentifier>
      <Extensions>h;hh;hpp;hxx;hm;inl;inc;ipp;xsd</Extensions>
    </Filter>
    <Filter Include="Resource Files">
      <UniqueIdentifier>{67DA6AB6-F800-4c08-8B7A-83BB121AAD01}</UniqueIdentifier>
      <Extensions>rc;ico;cur;bmp;dlg;rc2;rct;bin;rgs;gif;jpg;jpeg;jpe;resx;tiff;tif;png;wav;mfcribbon-ms</Extensions>
    </Filter>
  </ItemGroup>
  <ItemGroup>
    <ClCompile Include="Geometry\Mesh.cpp">
      <Filter>Source Files</Filter>
    </ClCompile>
    <ClCompile Include="IO\MeshLoader.cpp">
      <Filter>Source Files</Filter>
    </ClCompile>
    <ClCompile Include="View\View.cpp">
      <Filter>Source Files</Filter>
    </ClCompile>
    <ClCompile Include="OpenGLBackend\OpenGLBackend.cpp">
      <Filter>Source Files</Filter>
    </ClCompile>
    <ClCompile Include="OpenGLBackend\private\OpenGLWindow.cpp">
      <Filter>Source Files</Filter>
    </ClCompile>
    <ClCompile Include="OpenGLBackend\private\OpenGLContext.cpp">
      <Filter>Source Files</Filter>
    </ClCompile>
    <ClCompile Include="Utilities\Misc.cpp">
      <Filter>Source Files</Filter>
    </ClCompile>
    <ClCompile Include="Utilities\Exception.cpp">
      <Filter>Source Files</Filter>
    </ClCompile>
    <ClCompile Include="OpenGLBackend\private\OpenGLShaderProgram.cpp">
      <Filter>Source Files</Filter>
    </ClCompile>
    <ClCompile Include="OpenGLBackend\private\Primitives\OpenGLMeshPrimitive.cpp">
      <Filter>Source Files</Filter>
    </ClCompile>
    <ClCompile Include="OpenGLBackend\private\Instances\OpenGLMeshInstance.cpp">
      <Filter>Source Files</Filter>
    </ClCompile>
    <ClCompile Include="OpenGLBackend\private\Instances\OpenGLGraphicObject.cpp">
      <Filter>Source Files</Filter>
    </ClCompile>
    <ClCompile Include="Geometry\BezierPatch.cpp">
      <Filter>Source Files</Filter>
    </ClCompile>
    <ClCompile Include="Style\ColorRGB.cpp">
      <Filter>Source Files</Filter>
    </ClCompile>
    <ClCompile Include="Style\ColorRGBA.cpp">
      <Filter>Source Files</Filter>
    </ClCompile>
    <ClCompile Include="OpenGLBackend\private\Primitives\OpenGLBezierPatchPrimitive.cpp">
      <Filter>Source Files</Filter>
    </ClCompile>
    <ClCompile Include="OpenGLBackend\private\Instances\OpenGLBezierPatchInstance.cpp">
      <Filter>Source Files</Filter>
    </ClCompile>
    <ClCompile Include="OpenGLBackend\private\Primitives\OpenGLPrimitive.cpp">
      <Filter>Source Files</Filter>
    </ClCompile>
    <ClCompile Include="Backend\Backend.cpp">
      <Filter>Source Files</Filter>
    </ClCompile>
    <ClCompile Include="OpenGLBackend\private\Instances\OpenGLSphere.cpp">
      <Filter>Source Files</Filter>
    </ClCompile>
    <ClCompile Include="OpenGLBackend\private\Instances\OpenGLSurface.cpp">
      <Filter>Source Files</Filter>
    </ClCompile>
    <ClCompile Include="OpenGLBackend\private\OpenGLUtilities.cpp">
      <Filter>Source Files</Filter>
    </ClCompile>
    <ClCompile Include="OpenGLBackend\private\OpenGLScene.cpp">
      <Filter>Source Files</Filter>
    </ClCompile>
    <ClCompile Include="Backend\Scene\SceneObjects\SceneObject.cpp">
      <Filter>Source Files</Filter>
    </ClCompile>
    <ClCompile Include="Backend\Scene\Camera.cpp">
      <Filter>Source Files</Filter>
    </ClCompile>
    <ClCompile Include="Backend\Scene\PointLight.cpp">
      <Filter>Source Files</Filter>
    </ClCompile>
    <ClCompile Include="Backend\Scene\Scene.cpp">
      <Filter>Source Files</Filter>
    </ClCompile>
    <ClCompile Include="WindowsBackend\WindowsDebugOutputRedirect.cpp">
      <Filter>Source Files</Filter>
    </ClCompile>
    <ClCompile Include="Main\main.cpp">
      <Filter>Source Files</Filter>
    </ClCompile>
    <ClCompile Include="Math\Math.cpp">
      <Filter>Source Files</Filter>
    </ClCompile>
  </ItemGroup>
  <ItemGroup>
    <ClInclude Include="Math\Matrix.h">
      <Filter>Source Files</Filter>
    </ClInclude>
    <ClInclude Include="Math\Vector.h">
      <Filter>Source Files</Filter>
    </ClInclude>
    <ClInclude Include="Geometry\Mesh.h">
      <Filter>Header Files</Filter>
    </ClInclude>
    <ClInclude Include="IO\MeshLoader.h">
      <Filter>Header Files</Filter>
    </ClInclude>
    <ClInclude Include="View\View.h">
      <Filter>Header Files</Filter>
    </ClInclude>
    <ClInclude Include="Backend\BackendContext.h">
      <Filter>Header Files</Filter>
    </ClInclude>
    <ClInclude Include="Backend\BackendWindow.h">
      <Filter>Header Files</Filter>
    </ClInclude>
    <ClInclude Include="OpenGLBackend\OpenGLBackend.h">
      <Filter>Header Files</Filter>
    </ClInclude>
    <ClInclude Include="OpenGLBackend\private\OpenGLWindow.h">
      <Filter>Header Files</Filter>
    </ClInclude>
    <ClInclude Include="OpenGLBackend\private\OpenGLContext.h">
      <Filter>Header Files</Filter>
    </ClInclude>
    <ClInclude Include="Utilities\Misc.h">
      <Filter>Header Files</Filter>
    </ClInclude>
    <ClInclude Include="Utilities\Exception.h">
      <Filter>Header Files</Filter>
    </ClInclude>
    <ClInclude Include="OpenGLBackend\private\OpenGLShaderProgram.h">
      <Filter>Header Files</Filter>
    </ClInclude>
    <ClInclude Include="Backend\BackendViewInterface.h">
      <Filter>Header Files</Filter>
    </ClInclude>
    <ClInclude Include="OpenGLBackend\private\Primitives\OpenGLMeshPrimitive.h">
      <Filter>Header Files</Filter>
    </ClInclude>
    <ClInclude Include="OpenGLBackend\private\Instances\OpenGLMeshInstance.h">
      <Filter>Header Files</Filter>
    </ClInclude>
    <ClInclude Include="OpenGLBackend\private\Instances\OpenGLGraphicObject.h">
      <Filter>Header Files</Filter>
    </ClInclude>
    <ClInclude Include="Geometry\BezierPatch.h">
      <Filter>Header Files</Filter>
    </ClInclude>
    <ClInclude Include="Style\ColorRGBA.h">
      <Filter>Header Files</Filter>
    </ClInclude>
    <ClInclude Include="Style\ColorRGB.h">
      <Filter>Header Files</Filter>
    </ClInclude>
    <ClInclude Include="OpenGLBackend\private\Primitives\OpenGLBezierPatchPrimitive.h">
      <Filter>Header Files</Filter>
    </ClInclude>
    <ClInclude Include="OpenGLBackend\private\Instances\OpenGLBezierPatchInstance.h">
      <Filter>Header Files</Filter>
    </ClInclude>
    <ClInclude Include="OpenGLBackend\private\Primitives\OpenGLPrimitive.h">
      <Filter>Header Files</Filter>
    </ClInclude>
    <ClInclude Include="OpenGLBackend\private\Instances\OpenGLSphere.h">
      <Filter>Header Files</Filter>
    </ClInclude>
    <ClInclude Include="OpenGLBackend\private\Instances\OpenGLSurface.h">
      <Filter>Header Files</Filter>
    </ClInclude>
    <ClInclude Include="OpenGLBackend\private\OpenGLUtilities.h">
      <Filter>Header Files</Filter>
    </ClInclude>
    <ClInclude Include="OpenGLBackend\private\OpenGLScene.h">
      <Filter>Header Files</Filter>
    </ClInclude>
    <ClInclude Include="Backend\Scene\SceneObjects\SceneBezierPatch.h">
      <Filter>Header Files</Filter>
    </ClInclude>
    <ClInclude Include="Backend\Scene\SceneObjects\SceneMesh.h">
      <Filter>Header Files</Filter>
    </ClInclude>
    <ClInclude Include="Backend\Scene\SceneObjects\SceneObject.h">
      <Filter>Header Files</Filter>
    </ClInclude>
    <ClInclude Include="Backend\Scene\SceneObjects\SceneSphere.h">
      <Filter>Header Files</Filter>
    </ClInclude>
    <ClInclude Include="Backend\Scene\SceneObjects\SceneSurface.h">
      <Filter>Header Files</Filter>
    </ClInclude>
    <ClInclude Include="Backend\Scene\Camera.h">
      <Filter>Header Files</Filter>
    </ClInclude>
    <ClInclude Include="Backend\Scene\PointLight.h">
      <Filter>Header Files</Filter>
    </ClInclude>
    <ClInclude Include="Backend\Scene\Scene.h">
      <Filter>Header Files</Filter>
    </ClInclude>
    <ClInclude Include="Utilities\UninitializedAllocator.h">
      <Filter>Header Files</Filter>
    </ClInclude>
    <ClInclude Include="WindowsBackend\WindowsDebugOutputRedirect.h">
      <Filter>Header Files</Filter>
    </ClInclude>
  </ItemGroup>
  <ItemGroup>
    <None Include="OpenGLBackend\private\Shaders\allTranformations.vert" />
    <None Include="OpenGLBackend\private\Shaders\BezierEdgeShaderProgram.glsl" />
    <None Include="OpenGLBackend\private\Shaders\BezierFaceShaderProgram.glsl" />
    <None Include="OpenGLBackend\private\Shaders\boundingBox.geom" />
    <None Include="OpenGLBackend\private\Shaders\fixedColor.frag" />
    <None Include="OpenGLBackend\private\Shaders\MeshFaceShaderProgram.glsl" />
    <None Include="OpenGLBackend\private\Shaders\nopVec3.vert" />
    <None Include="OpenGLBackend\private\Shaders\SphereEdgeShaderProgram.glsl" />
    <None Include="OpenGLBackend\private\Shaders\SphereFaceShaderProgram.glsl" />
    <None Include="OpenGLBackend\private\Shaders\textureOnly.glsl" />
    <None Include="OpenGLBackend\private\Shaders\fixedColor2.frag" />
    <None Include="OpenGLBackend\private\Shaders\allTranformations2.vert" />
    <None Include="OpenGLBackend\private\Shaders\pointSelection2.geom" />
  </ItemGroup>
  <ItemGroup>
    <Text Include="Documentation\Todo.txt" />
    <Text Include="Main\CMakeLists.txt" />
    <Text Include="Math\CMakeLists.txt" />
    <Text Include="Backend\CMakeLists.txt" />
    <Text Include="Documentation\CMakeLists.txt" />
    <Text Include="Geometry\CMakeLists.txt" />
    <Text Include="IO\CMakeLists.txt" />
    <Text Include="Style\CMakeLists.txt" />
    <Text Include="Utilities\CMakeLists.txt" />
    <Text Include="View\CMakeLists.txt" />
    <Text Include="WindowsBackend\CMakeLists.txt" />
    <Text Include="OpenGLBackend\CMakeLists.txt" />
    <Text Include="OpenGLBackend\private\CMakeLists.txt" />
    <Text Include="OpenGLBackend\private\Instances\CMakeLists.txt" />
    <Text Include="OpenGLBackend\private\Primitives\CMakeLists.txt" />
    <Text Include="OpenGLBackend\private\Shaders\CMakeLists.txt" />
    <Text Include="Backend\Scene\CMakeLists.txt" />
    <Text Include="Backend\Scene\SceneObjects\CMakeLists.txt" />
    <Text Include="CMakeLists.txt" />
  </ItemGroup>
</Project>