<?xml version="1.0" encoding="utf-8"?>
<Project ToolsVersion="4.0" xmlns="http://schemas.microsoft.com/developer/msbuild/2003">
  <ItemGroup>
    <Filter Include="Source Files">
      <UniqueIdentifier>{4FC737F1-C7A5-4376-A066-2A32D752A2FF}</UniqueIdentifier>
      <Extensions>cpp;c;cc;cxx;def;odl;idl;hpj;bat;asm;asmx</Extensions>
    </Filter>
    <Filter Include="Header Files">
      <UniqueIdentifier>{93995380-89BD-4b04-88EB-625FBE52EBFB}</UniqueIdentifier>
      <Extensions>h;hh;hpp;hxx;hm;inl;inc;ipp;xsd</Extensions>
    </Filter>
    <Filter Include="Resource Files">
      <UniqueIdentifier>{67DA6AB6-F800-4c08-8B7A-83BB121AAD01}</UniqueIdentifier>
      <Extensions>rc;ico;cur;bmp;dlg;rc2;rct;bin;rgs;gif;jpg;jpeg;jpe;resx;tiff;tif;png;wav;mfcribbon-ms</Extensions>
    </Filter>
  </ItemGroup>
  <ItemGroup>
    <ClCompile Include="Geometry\Mesh.cpp">
      <Filter>Source Files</Filter>
    </ClCompile>
    <ClCompile Include="IO\MeshLoader.cpp">
      <Filter>Source Files</Filter>
    </ClCompile>
    <ClCompile Include="Scene\Scene.cpp">
      <Filter>Source Files</Filter>
    </ClCompile>
    <ClCompile Include="OpenGLBackend\OpenGLUtilities.cpp">
      <Filter>Source Files</Filter>
    </ClCompile>
    <ClCompile Include="View\View.cpp">
      <Filter>Source Files</Filter>
    </ClCompile>
    <ClCompile Include="Scene\Camera.cpp">
      <Filter>Source Files</Filter>
    </ClCompile>
    <ClCompile Include="Scene\PointLight.cpp">
      <Filter>Source Files</Filter>
    </ClCompile>
    <ClCompile Include="OpenGLBackend\OpenGLBackend.cpp">
      <Filter>Source Files</Filter>
    </ClCompile>
    <ClCompile Include="OpenGLBackend\private\OpenGLWindow.cpp">
      <Filter>Source Files</Filter>
    </ClCompile>
    <ClCompile Include="OpenGLBackend\private\OpenGLContext.cpp">
      <Filter>Source Files</Filter>
    </ClCompile>
    <ClCompile Include="Utilities\Misc.cpp">
      <Filter>Source Files</Filter>
    </ClCompile>
    <ClCompile Include="Utilities\Exception.cpp">
      <Filter>Source Files</Filter>
    </ClCompile>
    <ClCompile Include="OpenGLBackend\private\OpenGLShaderProgram.cpp">
      <Filter>Source Files</Filter>
    </ClCompile>
    <ClCompile Include="main.cpp">
      <Filter>Source Files</Filter>
    </ClCompile>
    <ClCompile Include="WindowsDebugOutputRedirect.cpp">
      <Filter>Source Files</Filter>
    </ClCompile>
    <ClCompile Include="Scene\SceneObjects\SceneObject.cpp">
      <Filter>Source Files</Filter>
    </ClCompile>
    <ClCompile Include="OpenGLBackend\private\Primitives\OpenGLMeshPrimitive.cpp">
      <Filter>Source Files</Filter>
    </ClCompile>
    <ClCompile Include="OpenGLBackend\private\Instances\OpenGLMeshInstance.cpp">
      <Filter>Source Files</Filter>
    </ClCompile>
    <ClCompile Include="OpenGLBackend\private\Instances\OpenGLGraphicObject.cpp">
      <Filter>Source Files</Filter>
    </ClCompile>
    <ClCompile Include="Geometry\BezierPatch.cpp">
      <Filter>Source Files</Filter>
    </ClCompile>
    <ClCompile Include="Style\ColorRGB.cpp">
      <Filter>Source Files</Filter>
    </ClCompile>
    <ClCompile Include="Style\ColorRGBA.cpp">
      <Filter>Source Files</Filter>
    </ClCompile>
    <ClCompile Include="OpenGLBackend\private\Primitives\OpenGLBezierPatchPrimitive.cpp">
      <Filter>Source Files</Filter>
    </ClCompile>
    <ClCompile Include="OpenGLBackend\private\Instances\OpenGLBezierPatchInstance.cpp">
      <Filter>Source Files</Filter>
    </ClCompile>
    <ClCompile Include="OpenGLBackend\private\Primitives\OpenGLPrimitive.cpp">
      <Filter>Source Files</Filter>
    </ClCompile>
    <ClCompile Include="Scene\private\SceneObjectImplementation\SceneObjectImpl.cpp">
      <Filter>Source Files</Filter>
    </ClCompile>
    <ClCompile Include="Backend\GraphicObjects\BackendGraphicObjects.cpp">
      <Filter>Source Files</Filter>
    </ClCompile>
    <ClCompile Include="Backend\Backend.cpp">
      <Filter>Source Files</Filter>
    </ClCompile>
    <ClCompile Include="OpenGLBackend\private\Instances\OpenGLSphere.cpp">
      <Filter>Source Files</Filter>
    </ClCompile>
    <ClCompile Include="OpenGLBackend\private\Instances\OpenGLSurface.cpp">
      <Filter>Source Files</Filter>
    </ClCompile>
    <ClCompile Include="Scene\private\SceneObjectImplementation\SceneMeshImpl.cpp">
      <Filter>Source Files</Filter>
    </ClCompile>
    <ClCompile Include="Scene\private\SceneObjectImplementation\SceneSphereImpl.cpp">
      <Filter>Source Files</Filter>
    </ClCompile>
    <ClCompile Include="Scene\private\SceneObjectImplementation\SceneBezierPatchImpl.cpp">
      <Filter>Source Files</Filter>
    </ClCompile>
    <ClCompile Include="Scene\private\SceneObjectImplementation\SceneSurfaceImpl.cpp">
      <Filter>Source Files</Filter>
    </ClCompile>
  </ItemGroup>
  <ItemGroup>
    <ClInclude Include="Math\Matrix.h">
      <Filter>Source Files</Filter>
    </ClInclude>
    <ClInclude Include="Math\Vector.h">
      <Filter>Source Files</Filter>
    </ClInclude>
    <ClInclude Include="Geometry\Mesh.h">
      <Filter>Header Files</Filter>
    </ClInclude>
    <ClInclude Include="IO\MeshLoader.h">
      <Filter>Header Files</Filter>
    </ClInclude>
    <ClInclude Include="Scene\Scene.h">
      <Filter>Header Files</Filter>
    </ClInclude>
    <ClInclude Include="OpenGLBackend\OpenGLUtilities.h">
      <Filter>Header Files</Filter>
    </ClInclude>
    <ClInclude Include="View\View.h">
      <Filter>Header Files</Filter>
    </ClInclude>
    <ClInclude Include="Scene\Camera.h">
      <Filter>Header Files</Filter>
    </ClInclude>
    <ClInclude Include="Scene\PointLight.h">
      <Filter>Header Files</Filter>
    </ClInclude>
    <ClInclude Include="Backend\BackendContext.h">
      <Filter>Header Files</Filter>
    </ClInclude>
    <ClInclude Include="Backend\BackendWindow.h">
      <Filter>Header Files</Filter>
    </ClInclude>
    <ClInclude Include="OpenGLBackend\OpenGLBackend.h">
      <Filter>Header Files</Filter>
    </ClInclude>
    <ClInclude Include="OpenGLBackend\private\OpenGLWindow.h">
      <Filter>Header Files</Filter>
    </ClInclude>
    <ClInclude Include="OpenGLBackend\private\OpenGLContext.h">
      <Filter>Header Files</Filter>
    </ClInclude>
    <ClInclude Include="Utilities\Misc.h">
      <Filter>Header Files</Filter>
    </ClInclude>
    <ClInclude Include="Utilities\Exception.h">
      <Filter>Header Files</Filter>
    </ClInclude>
    <ClInclude Include="OpenGLBackend\private\OpenGLShaderProgram.h">
      <Filter>Header Files</Filter>
    </ClInclude>
    <ClInclude Include="Backend\BackendViewInterface.h">
      <Filter>Header Files</Filter>
    </ClInclude>
    <ClInclude Include="WindowsDebugOutputRedirect.h">
      <Filter>Header Files</Filter>
    </ClInclude>
    <ClInclude Include="Scene\SceneObjects\SceneObject.h">
      <Filter>Header Files</Filter>
    </ClInclude>
    <ClInclude Include="OpenGLBackend\private\Primitives\OpenGLMeshPrimitive.h">
      <Filter>Header Files</Filter>
    </ClInclude>
    <ClInclude Include="OpenGLBackend\private\Instances\OpenGLMeshInstance.h">
      <Filter>Header Files</Filter>
    </ClInclude>
    <ClInclude Include="OpenGLBackend\private\Instances\OpenGLGraphicObject.h">
      <Filter>Header Files</Filter>
    </ClInclude>
    <ClInclude Include="Backend\GraphicObjects\BackendGraphicObject.h">
      <Filter>Header Files</Filter>
    </ClInclude>
    <ClInclude Include="Backend\GraphicObjects\BackendMesh.h">
      <Filter>Header Files</Filter>
    </ClInclude>
    <ClInclude Include="Backend\GraphicObjects\BackendBezierPatch.h">
      <Filter>Header Files</Filter>
    </ClInclude>
    <ClInclude Include="Geometry\BezierPatch.h">
      <Filter>Header Files</Filter>
    </ClInclude>
    <ClInclude Include="Style\ColorRGBA.h">
      <Filter>Header Files</Filter>
    </ClInclude>
    <ClInclude Include="Style\ColorRGB.h">
      <Filter>Header Files</Filter>
    </ClInclude>
    <ClInclude Include="OpenGLBackend\private\Primitives\OpenGLBezierPatchPrimitive.h">
      <Filter>Header Files</Filter>
    </ClInclude>
    <ClInclude Include="OpenGLBackend\private\Instances\OpenGLBezierPatchInstance.h">
      <Filter>Header Files</Filter>
    </ClInclude>
    <ClInclude Include="Scene\SceneObjects\SceneBezierPatch.h">
      <Filter>Header Files</Filter>
    </ClInclude>
    <ClInclude Include="OpenGLBackend\private\Primitives\OpenGLPrimitive.h">
      <Filter>Header Files</Filter>
    </ClInclude>
    <ClInclude Include="Scene\private\SceneObjectImplementation\SceneObjectImpl.h">
      <Filter>Header Files</Filter>
    </ClInclude>
    <ClInclude Include="Backend\GraphicObjects\BackendSphere.h">
      <Filter>Header Files</Filter>
    </ClInclude>
    <ClInclude Include="Backend\GraphicObjects\BackendGraphicObjectFaceStyleMixin.h">
      <Filter>Header Files</Filter>
    </ClInclude>
    <ClInclude Include="Backend\GraphicObjects\BackendGraphicObjectEdgeStyleMixin.h">
      <Filter>Header Files</Filter>
    </ClInclude>
    <ClInclude Include="Backend\GraphicObjects\BackendSurface.h">
      <Filter>Header Files</Filter>
    </ClInclude>
    <ClInclude Include="OpenGLBackend\private\Instances\OpenGLSphere.h">
      <Filter>Header Files</Filter>
    </ClInclude>
    <ClInclude Include="Scene\SceneObjects\SceneSphere.h">
      <Filter>Header Files</Filter>
    </ClInclude>
    <ClInclude Include="OpenGLBackend\private\Instances\OpenGLSurface.h">
      <Filter>Header Files</Filter>
    </ClInclude>
    <ClInclude Include="Scene\SceneObjects\SceneMesh.h">
      <Filter>Header Files</Filter>
    </ClInclude>
    <ClInclude Include="Scene\private\SceneObjectImplementation\SceneMeshImpl.h">
      <Filter>Header Files</Filter>
    </ClInclude>
    <ClInclude Include="Scene\SceneObjects\SceneSurface.h">
      <Filter>Header Files</Filter>
    </ClInclude>
    <ClInclude Include="Scene\private\SceneObjectImplementation\SceneSphereImpl.h">
      <Filter>Header Files</Filter>
    </ClInclude>
    <ClInclude Include="Scene\private\SceneObjectImplementation\SceneBezierPatchImpl.h">
      <Filter>Header Files</Filter>
    </ClInclude>
    <ClInclude Include="Scene\private\SceneObjectImplementation\SceneSurfaceImpl.h">
      <Filter>Header Files</Filter>
    </ClInclude>
  </ItemGroup>
  <ItemGroup>
    <None Include="shaders\BezierShaderProgram.glsl" />
    <None Include="shaders\SphereShaderProgram.glsl" />
    <None Include="shaders\MeshFaceShaderProgram.glsl" />
    <None Include="shaders\MeshEdgeShaderProgram.glsl" />
    <None Include="shaders\BoundingBoxShaderProgram.glsl" />
    <None Include="shaders\BezierWireframeShaderProgram.glsl" />
  </ItemGroup>
  <ItemGroup>
    <Text Include="Todo.txt" />
  </ItemGroup>
</Project>