Microsoft Visual Studio Solution File, Format Version 12.00
# Visual Studio 16
Project("{8BC9CEB8-8B4A-11D0-8D11-00A0C91BC942}") = "ALL_BUILD", "ALL_BUILD.vcxproj", "{B72F9012-F218-391D-A215-B23AE7C40E8C}"
	ProjectSection(ProjectDependencies) = postProject
		{29FCFED5-3CD5-3393-9628-CC0400FB791E} = {29FCFED5-3CD5-3393-9628-CC0400FB791E}
		{9AAAFF84-B3A2-373B-8A3B-F7FF257E6B77} = {9AAAFF84-B3A2-373B-8A3B-F7FF257E6B77}
		{70817203-9DD9-3672-8FA6-8B161DA82ADB} = {70817203-9DD9-3672-8FA6-8B161DA82ADB}
		{8F258E79-4F05-3D73-9514-C2F8F3A4FFA3} = {8F258E79-4F05-3D73-9514-C2F8F3A4FFA3}
		{D99AE682-E461-3FFF-81F7-BF1597CE64B9} = {D99AE682-E461-3FFF-81F7-BF1597CE64B9}
		{6DBE73A6-43E1-3245-A2C5-7A48B86550E4} = {6DBE73A6-43E1-3245-A2C5-7A48B86550E4}
		{269B3B45-F637-3AF6-91E4-8C81A8D645AA} = {269B3B45-F637-3AF6-91E4-8C81A8D645AA}
		{0533DA08-FD2A-3EA7-ACC4-7374925F11DE} = {0533DA08-FD2A-3EA7-ACC4-7374925F11DE}
		{404F4F30-2B2C-339D-A755-4BDFCF2E18F3} = {404F4F30-2B2C-339D-A755-4BDFCF2E18F3}
		{D9166EC3-1191-3380-9F74-C4134E2C1A64} = {D9166EC3-1191-3380-9F74-C4134E2C1A64}
		{B6DDF0E6-F4C8-3357-B0F3-C46F0670BCC9} = {B6DDF0E6-F4C8-3357-B0F3-C46F0670BCC9}
	EndProjectSection
EndProject
Project("{8BC9CEB8-8B4A-11D0-8D11-00A0C91BC942}") = "Backend", "Backend\Backend.vcxproj", "{29FCFED5-3CD5-3393-9628-CC0400FB791E}"
	ProjectSection(ProjectDependencies) = postProject
		{9AAAFF84-B3A2-373B-8A3B-F7FF257E6B77} = {9AAAFF84-B3A2-373B-8A3B-F7FF257E6B77}
		{8F258E79-4F05-3D73-9514-C2F8F3A4FFA3} = {8F258E79-4F05-3D73-9514-C2F8F3A4FFA3}
		{B6DDF0E6-F4C8-3357-B0F3-C46F0670BCC9} = {B6DDF0E6-F4C8-3357-B0F3-C46F0670BCC9}
	EndProjectSection
EndProject
Project("{8BC9CEB8-8B4A-11D0-8D11-00A0C91BC942}") = "Documentation", "Documentation\Documentation.vcxproj", "{815C972B-0E5F-3002-9D2D-3C9E049B74F9}"
	ProjectSection(ProjectDependencies) = postProject
		{B6DDF0E6-F4C8-3357-B0F3-C46F0670BCC9} = {B6DDF0E6-F4C8-3357-B0F3-C46F0670BCC9}
	EndProjectSection
EndProject
Project("{8BC9CEB8-8B4A-11D0-8D11-00A0C91BC942}") = "Geometry", "Geometry\Geometry.vcxproj", "{9AAAFF84-B3A2-373B-8A3B-F7FF257E6B77}"
	ProjectSection(ProjectDependencies) = postProject
		{8F258E79-4F05-3D73-9514-C2F8F3A4FFA3} = {8F258E79-4F05-3D73-9514-C2F8F3A4FFA3}
		{B6DDF0E6-F4C8-3357-B0F3-C46F0670BCC9} = {B6DDF0E6-F4C8-3357-B0F3-C46F0670BCC9}
	EndProjectSection
EndProject
Project("{8BC9CEB8-8B4A-11D0-8D11-00A0C91BC942}") = "IO", "IO\IO.vcxproj", "{70817203-9DD9-3672-8FA6-8B161DA82ADB}"
	ProjectSection(ProjectDependencies) = postProject
		{B6DDF0E6-F4C8-3357-B0F3-C46F0670BCC9} = {B6DDF0E6-F4C8-3357-B0F3-C46F0670BCC9}
	EndProjectSection
EndProject
Project("{8BC9CEB8-8B4A-11D0-8D11-00A0C91BC942}") = "Math", "Math\Math.vcxproj", "{8F258E79-4F05-3D73-9514-C2F8F3A4FFA3}"
	ProjectSection(ProjectDependencies) = postProject
		{B6DDF0E6-F4C8-3357-B0F3-C46F0670BCC9} = {B6DDF0E6-F4C8-3357-B0F3-C46F0670BCC9}
	EndProjectSection
EndProject
Project("{8BC9CEB8-8B4A-11D0-8D11-00A0C91BC942}") = "OpenGLBackend", "OpenGLBackend\OpenGLBackend.vcxproj", "{D99AE682-E461-3FFF-81F7-BF1597CE64B9}"
	ProjectSection(ProjectDependencies) = postProject
		{B6DDF0E6-F4C8-3357-B0F3-C46F0670BCC9} = {B6DDF0E6-F4C8-3357-B0F3-C46F0670BCC9}
	EndProjectSection
EndProject
Project("{8BC9CEB8-8B4A-11D0-8D11-00A0C91BC942}") = "OpenGL_4_6_Test_1", "Main\OpenGL_4_6_Test_1.vcxproj", "{6DBE73A6-43E1-3245-A2C5-7A48B86550E4}"
	ProjectSection(ProjectDependencies) = postProject
		{29FCFED5-3CD5-3393-9628-CC0400FB791E} = {29FCFED5-3CD5-3393-9628-CC0400FB791E}
		{9AAAFF84-B3A2-373B-8A3B-F7FF257E6B77} = {9AAAFF84-B3A2-373B-8A3B-F7FF257E6B77}
		{70817203-9DD9-3672-8FA6-8B161DA82ADB} = {70817203-9DD9-3672-8FA6-8B161DA82ADB}
		{8F258E79-4F05-3D73-9514-C2F8F3A4FFA3} = {8F258E79-4F05-3D73-9514-C2F8F3A4FFA3}
		{D99AE682-E461-3FFF-81F7-BF1597CE64B9} = {D99AE682-E461-3FFF-81F7-BF1597CE64B9}
		{269B3B45-F637-3AF6-91E4-8C81A8D645AA} = {269B3B45-F637-3AF6-91E4-8C81A8D645AA}
		{404F4F30-2B2C-339D-A755-4BDFCF2E18F3} = {404F4F30-2B2C-339D-A755-4BDFCF2E18F3}
		{B6DDF0E6-F4C8-3357-B0F3-C46F0670BCC9} = {B6DDF0E6-F4C8-3357-B0F3-C46F0670BCC9}
	EndProjectSection
EndProject
Project("{8BC9CEB8-8B4A-11D0-8D11-00A0C91BC942}") = "Style", "Style\Style.vcxproj", "{269B3B45-F637-3AF6-91E4-8C81A8D645AA}"
	ProjectSection(ProjectDependencies) = postProject
		{B6DDF0E6-F4C8-3357-B0F3-C46F0670BCC9} = {B6DDF0E6-F4C8-3357-B0F3-C46F0670BCC9}
	EndProjectSection
EndProject
Project("{8BC9CEB8-8B4A-11D0-8D11-00A0C91BC942}") = "Utilities", "Utilities\Utilities.vcxproj", "{0533DA08-FD2A-3EA7-ACC4-7374925F11DE}"
	ProjectSection(ProjectDependencies) = postProject
		{B6DDF0E6-F4C8-3357-B0F3-C46F0670BCC9} = {B6DDF0E6-F4C8-3357-B0F3-C46F0670BCC9}
	EndProjectSection
EndProject
Project("{8BC9CEB8-8B4A-11D0-8D11-00A0C91BC942}") = "View", "View\View.vcxproj", "{404F4F30-2B2C-339D-A755-4BDFCF2E18F3}"
	ProjectSection(ProjectDependencies) = postProject
		{29FCFED5-3CD5-3393-9628-CC0400FB791E} = {29FCFED5-3CD5-3393-9628-CC0400FB791E}
		{9AAAFF84-B3A2-373B-8A3B-F7FF257E6B77} = {9AAAFF84-B3A2-373B-8A3B-F7FF257E6B77}
		{8F258E79-4F05-3D73-9514-C2F8F3A4FFA3} = {8F258E79-4F05-3D73-9514-C2F8F3A4FFA3}
		{269B3B45-F637-3AF6-91E4-8C81A8D645AA} = {269B3B45-F637-3AF6-91E4-8C81A8D645AA}
		{B6DDF0E6-F4C8-3357-B0F3-C46F0670BCC9} = {B6DDF0E6-F4C8-3357-B0F3-C46F0670BCC9}
	EndProjectSection
EndProject
Project("{8BC9CEB8-8B4A-11D0-8D11-00A0C91BC942}") = "WindowsBackend", "WindowsBackend\WindowsBackend.vcxproj", "{D9166EC3-1191-3380-9F74-C4134E2C1A64}"
	ProjectSection(ProjectDependencies) = postProject
		{B6DDF0E6-F4C8-3357-B0F3-C46F0670BCC9} = {B6DDF0E6-F4C8-3357-B0F3-C46F0670BCC9}
	EndProjectSection
EndProject
Project("{8BC9CEB8-8B4A-11D0-8D11-00A0C91BC942}") = "ZERO_CHECK", "ZERO_CHECK.vcxproj", "{B6DDF0E6-F4C8-3357-B0F3-C46F0670BCC9}"
	ProjectSection(ProjectDependencies) = postProject
	EndProjectSection
EndProject
Global
	GlobalSection(SolutionConfigurationPlatforms) = preSolution
		Debug|x64 = Debug|x64
		Release|x64 = Release|x64
		MinSizeRel|x64 = MinSizeRel|x64
		RelWithDebInfo|x64 = RelWithDebInfo|x64
	EndGlobalSection
	GlobalSection(ProjectConfigurationPlatforms) = postSolution
		{B72F9012-F218-391D-A215-B23AE7C40E8C}.Debug|x64.ActiveCfg = Debug|x64
		{B72F9012-F218-391D-A215-B23AE7C40E8C}.Release|x64.ActiveCfg = Release|x64
		{B72F9012-F218-391D-A215-B23AE7C40E8C}.MinSizeRel|x64.ActiveCfg = MinSizeRel|x64
		{B72F9012-F218-391D-A215-B23AE7C40E8C}.RelWithDebInfo|x64.ActiveCfg = RelWithDebInfo|x64
		{29FCFED5-3CD5-3393-9628-CC0400FB791E}.Debug|x64.ActiveCfg = Debug|x64
		{29FCFED5-3CD5-3393-9628-CC0400FB791E}.Debug|x64.Build.0 = Debug|x64
		{29FCFED5-3CD5-3393-9628-CC0400FB791E}.Release|x64.ActiveCfg = Release|x64
		{29FCFED5-3CD5-3393-9628-CC0400FB791E}.Release|x64.Build.0 = Release|x64
		{29FCFED5-3CD5-3393-9628-CC0400FB791E}.MinSizeRel|x64.ActiveCfg = MinSizeRel|x64
		{29FCFED5-3CD5-3393-9628-CC0400FB791E}.MinSizeRel|x64.Build.0 = MinSizeRel|x64
		{29FCFED5-3CD5-3393-9628-CC0400FB791E}.RelWithDebInfo|x64.ActiveCfg = RelWithDebInfo|x64
		{29FCFED5-3CD5-3393-9628-CC0400FB791E}.RelWithDebInfo|x64.Build.0 = RelWithDebInfo|x64
		{815C972B-0E5F-3002-9D2D-3C9E049B74F9}.Debug|x64.ActiveCfg = Debug|x64
		{815C972B-0E5F-3002-9D2D-3C9E049B74F9}.Release|x64.ActiveCfg = Release|x64
		{815C972B-0E5F-3002-9D2D-3C9E049B74F9}.MinSizeRel|x64.ActiveCfg = MinSizeRel|x64
		{815C972B-0E5F-3002-9D2D-3C9E049B74F9}.RelWithDebInfo|x64.ActiveCfg = RelWithDebInfo|x64
		{9AAAFF84-B3A2-373B-8A3B-F7FF257E6B77}.Debug|x64.ActiveCfg = Debug|x64
		{9AAAFF84-B3A2-373B-8A3B-F7FF257E6B77}.Debug|x64.Build.0 = Debug|x64
		{9AAAFF84-B3A2-373B-8A3B-F7FF257E6B77}.Release|x64.ActiveCfg = Release|x64
		{9AAAFF84-B3A2-373B-8A3B-F7FF257E6B77}.Release|x64.Build.0 = Release|x64
		{9AAAFF84-B3A2-373B-8A3B-F7FF257E6B77}.MinSizeRel|x64.ActiveCfg = MinSizeRel|x64
		{9AAAFF84-B3A2-373B-8A3B-F7FF257E6B77}.MinSizeRel|x64.Build.0 = MinSizeRel|x64
		{9AAAFF84-B3A2-373B-8A3B-F7FF257E6B77}.RelWithDebInfo|x64.ActiveCfg = RelWithDebInfo|x64
		{9AAAFF84-B3A2-373B-8A3B-F7FF257E6B77}.RelWithDebInfo|x64.Build.0 = RelWithDebInfo|x64
		{70817203-9DD9-3672-8FA6-8B161DA82ADB}.Debug|x64.ActiveCfg = Debug|x64
		{70817203-9DD9-3672-8FA6-8B161DA82ADB}.Debug|x64.Build.0 = Debug|x64
		{70817203-9DD9-3672-8FA6-8B161DA82ADB}.Release|x64.ActiveCfg = Release|x64
		{70817203-9DD9-3672-8FA6-8B161DA82ADB}.Release|x64.Build.0 = Release|x64
		{70817203-9DD9-3672-8FA6-8B161DA82ADB}.MinSizeRel|x64.ActiveCfg = MinSizeRel|x64
		{70817203-9DD9-3672-8FA6-8B161DA82ADB}.MinSizeRel|x64.Build.0 = MinSizeRel|x64
		{70817203-9DD9-3672-8FA6-8B161DA82ADB}.RelWithDebInfo|x64.ActiveCfg = RelWithDebInfo|x64
		{70817203-9DD9-3672-8FA6-8B161DA82ADB}.RelWithDebInfo|x64.Build.0 = RelWithDebInfo|x64
		{8F258E79-4F05-3D73-9514-C2F8F3A4FFA3}.Debug|x64.ActiveCfg = Debug|x64
		{8F258E79-4F05-3D73-9514-C2F8F3A4FFA3}.Debug|x64.Build.0 = Debug|x64
		{8F258E79-4F05-3D73-9514-C2F8F3A4FFA3}.Release|x64.ActiveCfg = Release|x64
		{8F258E79-4F05-3D73-9514-C2F8F3A4FFA3}.Release|x64.Build.0 = Release|x64
		{8F258E79-4F05-3D73-9514-C2F8F3A4FFA3}.MinSizeRel|x64.ActiveCfg = MinSizeRel|x64
		{8F258E79-4F05-3D73-9514-C2F8F3A4FFA3}.MinSizeRel|x64.Build.0 = MinSizeRel|x64
		{8F258E79-4F05-3D73-9514-C2F8F3A4FFA3}.RelWithDebInfo|x64.ActiveCfg = RelWithDebInfo|x64
		{8F258E79-4F05-3D73-9514-C2F8F3A4FFA3}.RelWithDebInfo|x64.Build.0 = RelWithDebInfo|x64
		{D99AE682-E461-3FFF-81F7-BF1597CE64B9}.Debug|x64.ActiveCfg = Debug|x64
		{D99AE682-E461-3FFF-81F7-BF1597CE64B9}.Debug|x64.Build.0 = Debug|x64
		{D99AE682-E461-3FFF-81F7-BF1597CE64B9}.Release|x64.ActiveCfg = Release|x64
		{D99AE682-E461-3FFF-81F7-BF1597CE64B9}.Release|x64.Build.0 = Release|x64
		{D99AE682-E461-3FFF-81F7-BF1597CE64B9}.MinSizeRel|x64.ActiveCfg = MinSizeRel|x64
		{D99AE682-E461-3FFF-81F7-BF1597CE64B9}.MinSizeRel|x64.Build.0 = MinSizeRel|x64
		{D99AE682-E461-3FFF-81F7-BF1597CE64B9}.RelWithDebInfo|x64.ActiveCfg = RelWithDebInfo|x64
		{D99AE682-E461-3FFF-81F7-BF1597CE64B9}.RelWithDebInfo|x64.Build.0 = RelWithDebInfo|x64
		{6DBE73A6-43E1-3245-A2C5-7A48B86550E4}.Debug|x64.ActiveCfg = Debug|x64
		{6DBE73A6-43E1-3245-A2C5-7A48B86550E4}.Debug|x64.Build.0 = Debug|x64
		{6DBE73A6-43E1-3245-A2C5-7A48B86550E4}.Release|x64.ActiveCfg = Release|x64
		{6DBE73A6-43E1-3245-A2C5-7A48B86550E4}.Release|x64.Build.0 = Release|x64
		{6DBE73A6-43E1-3245-A2C5-7A48B86550E4}.MinSizeRel|x64.ActiveCfg = MinSizeRel|x64
		{6DBE73A6-43E1-3245-A2C5-7A48B86550E4}.MinSizeRel|x64.Build.0 = MinSizeRel|x64
		{6DBE73A6-43E1-3245-A2C5-7A48B86550E4}.RelWithDebInfo|x64.ActiveCfg = RelWithDebInfo|x64
		{6DBE73A6-43E1-3245-A2C5-7A48B86550E4}.RelWithDebInfo|x64.Build.0 = RelWithDebInfo|x64
		{269B3B45-F637-3AF6-91E4-8C81A8D645AA}.Debug|x64.ActiveCfg = Debug|x64
		{269B3B45-F637-3AF6-91E4-8C81A8D645AA}.Debug|x64.Build.0 = Debug|x64
		{269B3B45-F637-3AF6-91E4-8C81A8D645AA}.Release|x64.ActiveCfg = Release|x64
		{269B3B45-F637-3AF6-91E4-8C81A8D645AA}.Release|x64.Build.0 = Release|x64
		{269B3B45-F637-3AF6-91E4-8C81A8D645AA}.MinSizeRel|x64.ActiveCfg = MinSizeRel|x64
		{269B3B45-F637-3AF6-91E4-8C81A8D645AA}.MinSizeRel|x64.Build.0 = MinSizeRel|x64
		{269B3B45-F637-3AF6-91E4-8C81A8D645AA}.RelWithDebInfo|x64.ActiveCfg = RelWithDebInfo|x64
		{269B3B45-F637-3AF6-91E4-8C81A8D645AA}.RelWithDebInfo|x64.Build.0 = RelWithDebInfo|x64
		{0533DA08-FD2A-3EA7-ACC4-7374925F11DE}.Debug|x64.ActiveCfg = Debug|x64
		{0533DA08-FD2A-3EA7-ACC4-7374925F11DE}.Debug|x64.Build.0 = Debug|x64
		{0533DA08-FD2A-3EA7-ACC4-7374925F11DE}.Release|x64.ActiveCfg = Release|x64
		{0533DA08-FD2A-3EA7-ACC4-7374925F11DE}.Release|x64.Build.0 = Release|x64
		{0533DA08-FD2A-3EA7-ACC4-7374925F11DE}.MinSizeRel|x64.ActiveCfg = MinSizeRel|x64
		{0533DA08-FD2A-3EA7-ACC4-7374925F11DE}.MinSizeRel|x64.Build.0 = MinSizeRel|x64
		{0533DA08-FD2A-3EA7-ACC4-7374925F11DE}.RelWithDebInfo|x64.ActiveCfg = RelWithDebInfo|x64
		{0533DA08-FD2A-3EA7-ACC4-7374925F11DE}.RelWithDebInfo|x64.Build.0 = RelWithDebInfo|x64
		{404F4F30-2B2C-339D-A755-4BDFCF2E18F3}.Debug|x64.ActiveCfg = Debug|x64
		{404F4F30-2B2C-339D-A755-4BDFCF2E18F3}.Debug|x64.Build.0 = Debug|x64
		{404F4F30-2B2C-339D-A755-4BDFCF2E18F3}.Release|x64.ActiveCfg = Release|x64
		{404F4F30-2B2C-339D-A755-4BDFCF2E18F3}.Release|x64.Build.0 = Release|x64
		{404F4F30-2B2C-339D-A755-4BDFCF2E18F3}.MinSizeRel|x64.ActiveCfg = MinSizeRel|x64
		{404F4F30-2B2C-339D-A755-4BDFCF2E18F3}.MinSizeRel|x64.Build.0 = MinSizeRel|x64
		{404F4F30-2B2C-339D-A755-4BDFCF2E18F3}.RelWithDebInfo|x64.ActiveCfg = RelWithDebInfo|x64
		{404F4F30-2B2C-339D-A755-4BDFCF2E18F3}.RelWithDebInfo|x64.Build.0 = RelWithDebInfo|x64
		{D9166EC3-1191-3380-9F74-C4134E2C1A64}.Debug|x64.ActiveCfg = Debug|x64
		{D9166EC3-1191-3380-9F74-C4134E2C1A64}.Debug|x64.Build.0 = Debug|x64
		{D9166EC3-1191-3380-9F74-C4134E2C1A64}.Release|x64.ActiveCfg = Release|x64
		{D9166EC3-1191-3380-9F74-C4134E2C1A64}.Release|x64.Build.0 = Release|x64
		{D9166EC3-1191-3380-9F74-C4134E2C1A64}.MinSizeRel|x64.ActiveCfg = MinSizeRel|x64
		{D9166EC3-1191-3380-9F74-C4134E2C1A64}.MinSizeRel|x64.Build.0 = MinSizeRel|x64
		{D9166EC3-1191-3380-9F74-C4134E2C1A64}.RelWithDebInfo|x64.ActiveCfg = RelWithDebInfo|x64
		{D9166EC3-1191-3380-9F74-C4134E2C1A64}.RelWithDebInfo|x64.Build.0 = RelWithDebInfo|x64
		{B6DDF0E6-F4C8-3357-B0F3-C46F0670BCC9}.Debug|x64.ActiveCfg = Debug|x64
		{B6DDF0E6-F4C8-3357-B0F3-C46F0670BCC9}.Debug|x64.Build.0 = Debug|x64
		{B6DDF0E6-F4C8-3357-B0F3-C46F0670BCC9}.Release|x64.ActiveCfg = Release|x64
		{B6DDF0E6-F4C8-3357-B0F3-C46F0670BCC9}.Release|x64.Build.0 = Release|x64
		{B6DDF0E6-F4C8-3357-B0F3-C46F0670BCC9}.MinSizeRel|x64.ActiveCfg = MinSizeRel|x64
		{B6DDF0E6-F4C8-3357-B0F3-C46F0670BCC9}.MinSizeRel|x64.Build.0 = MinSizeRel|x64
		{B6DDF0E6-F4C8-3357-B0F3-C46F0670BCC9}.RelWithDebInfo|x64.ActiveCfg = RelWithDebInfo|x64
		{B6DDF0E6-F4C8-3357-B0F3-C46F0670BCC9}.RelWithDebInfo|x64.Build.0 = RelWithDebInfo|x64
	EndGlobalSection
	GlobalSection(ExtensibilityGlobals) = postSolution
		SolutionGuid = {F88425C5-15E1-3491-85EB-3ABCB4591537}
	EndGlobalSection
	GlobalSection(ExtensibilityAddIns) = postSolution
	EndGlobalSection
EndGlobal
